
Microsoft Visual Studio Solution File, Format Version 12.00
# Visual Studio Version 17
VisualStudioVersion = 17.13.35825.156
MinimumVisualStudioVersion = 10.0.40219.1
Project("{54A90642-561A-4BB1-A94E-469ADEE60C69}") = "frontreact", "FrontReact\frontreact.esproj", "{9AC28DAD-A40E-693B-BE50-8B9DACACD200}"
EndProject
Project("{FAE04EC0-301F-11D3-BF4B-00C04F79EFBC}") = "API Layer", "Presentation\API Layer.csproj", "{3A982291-C30E-4DBC-B3D9-E082DAE75CB6}"
EndProject
Project("{FAE04EC0-301F-11D3-BF4B-00C04F79EFBC}") = "Bussines Logic Layer", "Bussines Logic Layer\Bussines Logic Layer.csproj", "{8F7DE38A-87B0-472D-8230-24F1DC69DEFB}"
EndProject
Project("{FAE04EC0-301F-11D3-BF4B-00C04F79EFBC}") = "Data Access Layer", "Data Access Layer\Data Access Layer.csproj", "{F8C3CE39-8447-42DE-8505-205F4140841E}"
EndProject
Project("{FAE04EC0-301F-11D3-BF4B-00C04F79EFBC}") = "Domain Layer", "Domain Layer\Domain Layer.csproj", "{AD055CD7-4722-48DF-8291-71FB04C7FFC8}"
EndProject
Global
	GlobalSection(SolutionConfigurationPlatforms) = preSolution
		Debug|Any CPU = Debug|Any CPU
		Release|Any CPU = Release|Any CPU
	EndGlobalSection
	GlobalSection(ProjectConfigurationPlatforms) = postSolution
		{9AC28DAD-A40E-693B-BE50-8B9DACACD200}.Debug|Any CPU.ActiveCfg = Debug|Any CPU
		{9AC28DAD-A40E-693B-BE50-8B9DACACD200}.Debug|Any CPU.Build.0 = Debug|Any CPU
		{9AC28DAD-A40E-693B-BE50-8B9DACACD200}.Debug|Any CPU.Deploy.0 = Debug|Any CPU
		{9AC28DAD-A40E-693B-BE50-8B9DACACD200}.Release|Any CPU.ActiveCfg = Release|Any CPU
		{9AC28DAD-A40E-693B-BE50-8B9DACACD200}.Release|Any CPU.Build.0 = Release|Any CPU
		{9AC28DAD-A40E-693B-BE50-8B9DACACD200}.Release|Any CPU.Deploy.0 = Release|Any CPU
		{3A982291-C30E-4DBC-B3D9-E082DAE75CB6}.Debug|Any CPU.ActiveCfg = Debug|Any CPU
		{3A982291-C30E-4DBC-B3D9-E082DAE75CB6}.Debug|Any CPU.Build.0 = Debug|Any CPU
		{3A982291-C30E-4DBC-B3D9-E082DAE75CB6}.Release|Any CPU.ActiveCfg = Release|Any CPU
		{3A982291-C30E-4DBC-B3D9-E082DAE75CB6}.Release|Any CPU.Build.0 = Release|Any CPU
		{8F7DE38A-87B0-472D-8230-24F1DC69DEFB}.Debug|Any CPU.ActiveCfg = Debug|Any CPU
		{8F7DE38A-87B0-472D-8230-24F1DC69DEFB}.Debug|Any CPU.Build.0 = Debug|Any CPU
		{8F7DE38A-87B0-472D-8230-24F1DC69DEFB}.Release|Any CPU.ActiveCfg = Release|Any CPU
		{8F7DE38A-87B0-472D-8230-24F1DC69DEFB}.Release|Any CPU.Build.0 = Release|Any CPU
		{F8C3CE39-8447-42DE-8505-205F4140841E}.Debug|Any CPU.ActiveCfg = Debug|Any CPU
		{F8C3CE39-8447-42DE-8505-205F4140841E}.Debug|Any CPU.Build.0 = Debug|Any CPU
		{F8C3CE39-8447-42DE-8505-205F4140841E}.Release|Any CPU.ActiveCfg = Release|Any CPU
		{F8C3CE39-8447-42DE-8505-205F4140841E}.Release|Any CPU.Build.0 = Release|Any CPU
		{AD055CD7-4722-48DF-8291-71FB04C7FFC8}.Debug|Any CPU.ActiveCfg = Debug|Any CPU
		{AD055CD7-4722-48DF-8291-71FB04C7FFC8}.Debug|Any CPU.Build.0 = Debug|Any CPU
		{AD055CD7-4722-48DF-8291-71FB04C7FFC8}.Release|Any CPU.ActiveCfg = Release|Any CPU
		{AD055CD7-4722-48DF-8291-71FB04C7FFC8}.Release|Any CPU.Build.0 = Release|Any CPU
	EndGlobalSection
	GlobalSection(SolutionProperties) = preSolution
		HideSolutionNode = FALSE
	EndGlobalSection
	GlobalSection(ExtensibilityGlobals) = postSolution
		SolutionGuid = {22A11B4C-8874-43BE-BC90-A08159F236D0}
	EndGlobalSection
EndGlobal
